
Microsoft Visual Studio Solution File, Format Version 12.00
# Visual Studio Version 17
VisualStudioVersion = 17.14.36511.14 d17.14
MinimumVisualStudioVersion = 10.0.40219.1
Project("{FAE04EC0-301F-11D3-BF4B-00C04F79EFBC}") = "COM_Nostr", "COM_Nostr\COM_Nostr.csproj", "{D6B33996-1F50-4931-B778-ACF35494C74A}"
EndProject
Global
	GlobalSection(SolutionConfigurationPlatforms) = preSolution
		Debug|Any CPU = Debug|Any CPU
		Release|Any CPU = Release|Any CPU
	EndGlobalSection
	GlobalSection(ProjectConfigurationPlatforms) = postSolution
		{D6B33996-1F50-4931-B778-ACF35494C74A}.Debug|Any CPU.ActiveCfg = Debug|Any CPU
		{D6B33996-1F50-4931-B778-ACF35494C74A}.Debug|Any CPU.Build.0 = Debug|Any CPU
		{D6B33996-1F50-4931-B778-ACF35494C74A}.Release|Any CPU.ActiveCfg = Release|Any CPU
		{D6B33996-1F50-4931-B778-ACF35494C74A}.Release|Any CPU.Build.0 = Release|Any CPU
	EndGlobalSection
	GlobalSection(SolutionProperties) = preSolution
		HideSolutionNode = FALSE
	EndGlobalSection
	GlobalSection(ExtensibilityGlobals) = postSolution
		SolutionGuid = {82D77B75-7227-4D48-9762-A4BABD7F84D9}
	EndGlobalSection
EndGlobal
