
Microsoft Visual Studio Solution File, Format Version 12.00
# Visual Studio Version 17
VisualStudioVersion = 17.14.36511.14 d17.14
MinimumVisualStudioVersion = 10.0.40219.1
Project("{FAE04EC0-301F-11D3-BF4B-00C04F79EFBC}") = "COM_Nostr", "COM_Nostr\COM_Nostr.csproj", "{D6B33996-1F50-4931-B778-ACF35494C74A}"
EndProject
Project("{FAE04EC0-301F-11D3-BF4B-00C04F79EFBC}") = "UnitTest_COM_Nostr", "UnitTest_COM_Nostr\UnitTest_COM_Nostr.csproj", "{7021A99F-ED5E-414E-B463-31C593795C3B}"
EndProject
Project("{54435603-DBB4-11D2-8724-00A0C9A8B90C}") = "Setup_COM_Nostr", "Setup_COM_Nostr\Setup_COM_Nostr.vdproj", "{03B2855B-00D1-FF90-942C-0185971EB2BE}"
EndProject
Global
	GlobalSection(SolutionConfigurationPlatforms) = preSolution
		Debug|Any CPU = Debug|Any CPU
		Release|Any CPU = Release|Any CPU
	EndGlobalSection
	GlobalSection(ProjectConfigurationPlatforms) = postSolution
		{D6B33996-1F50-4931-B778-ACF35494C74A}.Debug|Any CPU.ActiveCfg = Debug|Any CPU
		{D6B33996-1F50-4931-B778-ACF35494C74A}.Debug|Any CPU.Build.0 = Debug|Any CPU
		{D6B33996-1F50-4931-B778-ACF35494C74A}.Release|Any CPU.ActiveCfg = Release|Any CPU
		{D6B33996-1F50-4931-B778-ACF35494C74A}.Release|Any CPU.Build.0 = Release|Any CPU
		{7021A99F-ED5E-414E-B463-31C593795C3B}.Debug|Any CPU.ActiveCfg = Debug|Any CPU
		{7021A99F-ED5E-414E-B463-31C593795C3B}.Debug|Any CPU.Build.0 = Debug|Any CPU
		{7021A99F-ED5E-414E-B463-31C593795C3B}.Release|Any CPU.ActiveCfg = Release|Any CPU
		{7021A99F-ED5E-414E-B463-31C593795C3B}.Release|Any CPU.Build.0 = Release|Any CPU
		{03B2855B-00D1-FF90-942C-0185971EB2BE}.Debug|Any CPU.ActiveCfg = Debug
		{03B2855B-00D1-FF90-942C-0185971EB2BE}.Release|Any CPU.ActiveCfg = Release
	EndGlobalSection
	GlobalSection(SolutionProperties) = preSolution
		HideSolutionNode = FALSE
	EndGlobalSection
	GlobalSection(ExtensibilityGlobals) = postSolution
		SolutionGuid = {82D77B75-7227-4D48-9762-A4BABD7F84D9}
	EndGlobalSection
EndGlobal
