
Microsoft Visual Studio Solution File, Format Version 12.00
# Visual Studio Version 17
VisualStudioVersion = 17.14.36511.14
MinimumVisualStudioVersion = 10.0.40219.1
Project("{FAE04EC0-301F-11D3-BF4B-00C04F79EFBC}") = "UnitTest_COM_Nostr", "UnitTest_COM_Nostr\UnitTest_COM_Nostr.csproj", "{7021A99F-ED5E-414E-B463-31C593795C3B}"
EndProject
Project("{8BC9CEB8-8B4A-11D0-8D11-00A0C91BC942}") = "COM_Nostr_Native", "COM_Nostr_Native\COM_Nostr_Native.vcxproj", "{1345C6C5-67DF-5B76-B487-9669936553CF}"
EndProject
Project("{8BC9CEB8-8B4A-11D0-8D11-00A0C91BC942}") = "COM_Nostr_NativePS", "COM_Nostr_NativePS\COM_Nostr_NativePS.vcxproj", "{442ECA05-0286-60F0-6CB6-C3DFFD0B916D}"
	ProjectSection(ProjectDependencies) = postProject
		{1345C6C5-67DF-5B76-B487-9669936553CF} = {1345C6C5-67DF-5B76-B487-9669936553CF}
	EndProjectSection
EndProject
Project("{8BC9CEB8-8B4A-11D0-8D11-00A0C91BC942}") = "NostrNativeTests", "tests\native\NostrNativeTests\NostrNativeTests.vcxproj", "{3A16913A-A707-4EAA-BF92-6FB015BF1B62}"
	ProjectSection(ProjectDependencies) = postProject
		{1345C6C5-67DF-5B76-B487-9669936553CF} = {1345C6C5-67DF-5B76-B487-9669936553CF}
	EndProjectSection
EndProject
Global
	GlobalSection(SolutionConfigurationPlatforms) = preSolution
		Debug|Any CPU = Debug|Any CPU
		Debug|x64 = Debug|x64
		Debug|x86 = Debug|x86
		Release|Any CPU = Release|Any CPU
		Release|x64 = Release|x64
		Release|x86 = Release|x86
	EndGlobalSection
	GlobalSection(ProjectConfigurationPlatforms) = postSolution
		{7021A99F-ED5E-414E-B463-31C593795C3B}.Debug|Any CPU.ActiveCfg = Debug|Any CPU
		{7021A99F-ED5E-414E-B463-31C593795C3B}.Debug|Any CPU.Build.0 = Debug|Any CPU
		{7021A99F-ED5E-414E-B463-31C593795C3B}.Debug|x64.ActiveCfg = Debug|x64
		{7021A99F-ED5E-414E-B463-31C593795C3B}.Debug|x64.Build.0 = Debug|x64
		{7021A99F-ED5E-414E-B463-31C593795C3B}.Debug|x86.ActiveCfg = Debug|Any CPU
		{7021A99F-ED5E-414E-B463-31C593795C3B}.Debug|x86.Build.0 = Debug|Any CPU
		{7021A99F-ED5E-414E-B463-31C593795C3B}.Release|Any CPU.ActiveCfg = Release|Any CPU
		{7021A99F-ED5E-414E-B463-31C593795C3B}.Release|Any CPU.Build.0 = Release|Any CPU
		{7021A99F-ED5E-414E-B463-31C593795C3B}.Release|x64.ActiveCfg = Release|x64
		{7021A99F-ED5E-414E-B463-31C593795C3B}.Release|x64.Build.0 = Release|x64
		{7021A99F-ED5E-414E-B463-31C593795C3B}.Release|x86.ActiveCfg = Release|Any CPU
		{7021A99F-ED5E-414E-B463-31C593795C3B}.Release|x86.Build.0 = Release|Any CPU
		{1345C6C5-67DF-5B76-B487-9669936553CF}.Debug|Any CPU.ActiveCfg = Debug|x64
		{1345C6C5-67DF-5B76-B487-9669936553CF}.Debug|Any CPU.Build.0 = Debug|x64
		{1345C6C5-67DF-5B76-B487-9669936553CF}.Debug|x64.ActiveCfg = Debug|x64
		{1345C6C5-67DF-5B76-B487-9669936553CF}.Debug|x64.Build.0 = Debug|x64
		{1345C6C5-67DF-5B76-B487-9669936553CF}.Debug|x86.ActiveCfg = Debug|Win32
		{1345C6C5-67DF-5B76-B487-9669936553CF}.Debug|x86.Build.0 = Debug|Win32
		{1345C6C5-67DF-5B76-B487-9669936553CF}.Release|Any CPU.ActiveCfg = Release|x64
		{1345C6C5-67DF-5B76-B487-9669936553CF}.Release|Any CPU.Build.0 = Release|x64
		{1345C6C5-67DF-5B76-B487-9669936553CF}.Release|x64.ActiveCfg = Release|x64
		{1345C6C5-67DF-5B76-B487-9669936553CF}.Release|x64.Build.0 = Release|x64
		{1345C6C5-67DF-5B76-B487-9669936553CF}.Release|x86.ActiveCfg = Release|Win32
		{1345C6C5-67DF-5B76-B487-9669936553CF}.Release|x86.Build.0 = Release|Win32
		{442ECA05-0286-60F0-6CB6-C3DFFD0B916D}.Debug|Any CPU.ActiveCfg = Debug|x64
		{442ECA05-0286-60F0-6CB6-C3DFFD0B916D}.Debug|Any CPU.Build.0 = Debug|x64
		{442ECA05-0286-60F0-6CB6-C3DFFD0B916D}.Debug|x64.ActiveCfg = Debug|x64
		{442ECA05-0286-60F0-6CB6-C3DFFD0B916D}.Debug|x64.Build.0 = Debug|x64
		{442ECA05-0286-60F0-6CB6-C3DFFD0B916D}.Debug|x86.ActiveCfg = Debug|Win32
		{442ECA05-0286-60F0-6CB6-C3DFFD0B916D}.Debug|x86.Build.0 = Debug|Win32
		{442ECA05-0286-60F0-6CB6-C3DFFD0B916D}.Release|Any CPU.ActiveCfg = Release|x64
		{442ECA05-0286-60F0-6CB6-C3DFFD0B916D}.Release|Any CPU.Build.0 = Release|x64
		{442ECA05-0286-60F0-6CB6-C3DFFD0B916D}.Release|x64.ActiveCfg = Release|x64
		{442ECA05-0286-60F0-6CB6-C3DFFD0B916D}.Release|x64.Build.0 = Release|x64
		{442ECA05-0286-60F0-6CB6-C3DFFD0B916D}.Release|x86.ActiveCfg = Release|Win32
		{442ECA05-0286-60F0-6CB6-C3DFFD0B916D}.Release|x86.Build.0 = Release|Win32
		{3A16913A-A707-4EAA-BF92-6FB015BF1B62}.Debug|Any CPU.ActiveCfg = Debug|x64
		{3A16913A-A707-4EAA-BF92-6FB015BF1B62}.Debug|Any CPU.Build.0 = Debug|x64
		{3A16913A-A707-4EAA-BF92-6FB015BF1B62}.Debug|x64.ActiveCfg = Debug|x64
		{3A16913A-A707-4EAA-BF92-6FB015BF1B62}.Debug|x64.Build.0 = Debug|x64
		{3A16913A-A707-4EAA-BF92-6FB015BF1B62}.Debug|x86.ActiveCfg = Debug|x64
		{3A16913A-A707-4EAA-BF92-6FB015BF1B62}.Release|Any CPU.ActiveCfg = Release|x64
		{3A16913A-A707-4EAA-BF92-6FB015BF1B62}.Release|Any CPU.Build.0 = Release|x64
		{3A16913A-A707-4EAA-BF92-6FB015BF1B62}.Release|x64.ActiveCfg = Release|x64
		{3A16913A-A707-4EAA-BF92-6FB015BF1B62}.Release|x64.Build.0 = Release|x64
		{3A16913A-A707-4EAA-BF92-6FB015BF1B62}.Release|x86.ActiveCfg = Release|x64
	EndGlobalSection
	GlobalSection(SolutionProperties) = preSolution
		HideSolutionNode = FALSE
	EndGlobalSection
	GlobalSection(ExtensibilityGlobals) = postSolution
		SolutionGuid = {82D77B75-7227-4D48-9762-A4BABD7F84D9}
	EndGlobalSection
EndGlobal
